
Microsoft Visual Studio Solution File, Format Version 12.00
# Visual Studio Version 17
VisualStudioVersion = 17.9.34723.18
MinimumVisualStudioVersion = 10.0.40219.1
Project("{9A19103F-16F7-4668-BE54-9A1E7A4F7556}") = "FluentTesting", "fluentui-select\FluentTesting.csproj", "{D295430A-1731-4733-81CA-D3D1DB9789A3}"
EndProject
Global
	GlobalSection(SolutionConfigurationPlatforms) = preSolution
		Debug|Any CPU = Debug|Any CPU
		Release|Any CPU = Release|Any CPU
	EndGlobalSection
	GlobalSection(ProjectConfigurationPlatforms) = postSolution
		{D295430A-1731-4733-81CA-D3D1DB9789A3}.Debug|Any CPU.ActiveCfg = Debug|Any CPU
		{D295430A-1731-4733-81CA-D3D1DB9789A3}.Debug|Any CPU.Build.0 = Debug|Any CPU
		{D295430A-1731-4733-81CA-D3D1DB9789A3}.Release|Any CPU.ActiveCfg = Release|Any CPU
		{D295430A-1731-4733-81CA-D3D1DB9789A3}.Release|Any CPU.Build.0 = Release|Any CPU
	EndGlobalSection
	GlobalSection(SolutionProperties) = preSolution
		HideSolutionNode = FALSE
	EndGlobalSection
	GlobalSection(ExtensibilityGlobals) = postSolution
		SolutionGuid = {81322562-4CDE-4164-BCDB-6FA35AF30890}
	EndGlobalSection
EndGlobal
